
Microsoft Visual Studio Solution File, Format Version 12.00
# Visual Studio Version 17
VisualStudioVersion = 17.9.34622.214
MinimumVisualStudioVersion = 10.0.40219.1
Project("{FAE04EC0-301F-11D3-BF4B-00C04F79EFBC}") = "if-Anidados", "if-Anidados.csproj", "{632C3A7F-35E7-4371-A352-C8EFA022849B}"
EndProject
Global
	GlobalSection(SolutionConfigurationPlatforms) = preSolution
		Debug|Any CPU = Debug|Any CPU
		Release|Any CPU = Release|Any CPU
	EndGlobalSection
	GlobalSection(ProjectConfigurationPlatforms) = postSolution
		{632C3A7F-35E7-4371-A352-C8EFA022849B}.Debug|Any CPU.ActiveCfg = Debug|Any CPU
		{632C3A7F-35E7-4371-A352-C8EFA022849B}.Debug|Any CPU.Build.0 = Debug|Any CPU
		{632C3A7F-35E7-4371-A352-C8EFA022849B}.Release|Any CPU.ActiveCfg = Release|Any CPU
		{632C3A7F-35E7-4371-A352-C8EFA022849B}.Release|Any CPU.Build.0 = Release|Any CPU
	EndGlobalSection
	GlobalSection(SolutionProperties) = preSolution
		HideSolutionNode = FALSE
	EndGlobalSection
	GlobalSection(ExtensibilityGlobals) = postSolution
		SolutionGuid = {44CAD454-6037-4DC3-BCD3-58EB2B317712}
	EndGlobalSection
EndGlobal
